
Microsoft Visual Studio Solution File, Format Version 12.00
# Visual Studio Version 17
VisualStudioVersion = 17.6.33815.320
MinimumVisualStudioVersion = 10.0.40219.1
Project("{8BC9CEB8-8B4A-11D0-8D11-00A0C91BC942}") = "stack0717_2", "stack0717_2.vcxproj", "{5C47835A-6926-418D-80B6-F985B59DBB89}"
EndProject
Global
	GlobalSection(SolutionConfigurationPlatforms) = preSolution
		Debug|x64 = Debug|x64
		Debug|x86 = Debug|x86
		Release|x64 = Release|x64
		Release|x86 = Release|x86
	EndGlobalSection
	GlobalSection(ProjectConfigurationPlatforms) = postSolution
		{5C47835A-6926-418D-80B6-F985B59DBB89}.Debug|x64.ActiveCfg = Debug|x64
		{5C47835A-6926-418D-80B6-F985B59DBB89}.Debug|x64.Build.0 = Debug|x64
		{5C47835A-6926-418D-80B6-F985B59DBB89}.Debug|x86.ActiveCfg = Debug|Win32
		{5C47835A-6926-418D-80B6-F985B59DBB89}.Debug|x86.Build.0 = Debug|Win32
		{5C47835A-6926-418D-80B6-F985B59DBB89}.Release|x64.ActiveCfg = Release|x64
		{5C47835A-6926-418D-80B6-F985B59DBB89}.Release|x64.Build.0 = Release|x64
		{5C47835A-6926-418D-80B6-F985B59DBB89}.Release|x86.ActiveCfg = Release|Win32
		{5C47835A-6926-418D-80B6-F985B59DBB89}.Release|x86.Build.0 = Release|Win32
	EndGlobalSection
	GlobalSection(SolutionProperties) = preSolution
		HideSolutionNode = FALSE
	EndGlobalSection
	GlobalSection(ExtensibilityGlobals) = postSolution
		SolutionGuid = {ADA39DBA-1C6A-40A4-9348-66C8B4F4E7A5}
	EndGlobalSection
EndGlobal
