
Microsoft Visual Studio Solution File, Format Version 12.00
# Visual Studio Version 17
VisualStudioVersion = 17.6.33815.320
MinimumVisualStudioVersion = 10.0.40219.1
Project("{8BC9CEB8-8B4A-11D0-8D11-00A0C91BC942}") = "programming10", "programming10.vcxproj", "{3BD1DCB6-1A61-46DD-B4D3-8E998D0B3FAA}"
EndProject
Global
	GlobalSection(SolutionConfigurationPlatforms) = preSolution
		Debug|x64 = Debug|x64
		Debug|x86 = Debug|x86
		Release|x64 = Release|x64
		Release|x86 = Release|x86
	EndGlobalSection
	GlobalSection(ProjectConfigurationPlatforms) = postSolution
		{3BD1DCB6-1A61-46DD-B4D3-8E998D0B3FAA}.Debug|x64.ActiveCfg = Debug|x64
		{3BD1DCB6-1A61-46DD-B4D3-8E998D0B3FAA}.Debug|x64.Build.0 = Debug|x64
		{3BD1DCB6-1A61-46DD-B4D3-8E998D0B3FAA}.Debug|x86.ActiveCfg = Debug|Win32
		{3BD1DCB6-1A61-46DD-B4D3-8E998D0B3FAA}.Debug|x86.Build.0 = Debug|Win32
		{3BD1DCB6-1A61-46DD-B4D3-8E998D0B3FAA}.Release|x64.ActiveCfg = Release|x64
		{3BD1DCB6-1A61-46DD-B4D3-8E998D0B3FAA}.Release|x64.Build.0 = Release|x64
		{3BD1DCB6-1A61-46DD-B4D3-8E998D0B3FAA}.Release|x86.ActiveCfg = Release|Win32
		{3BD1DCB6-1A61-46DD-B4D3-8E998D0B3FAA}.Release|x86.Build.0 = Release|Win32
	EndGlobalSection
	GlobalSection(SolutionProperties) = preSolution
		HideSolutionNode = FALSE
	EndGlobalSection
	GlobalSection(ExtensibilityGlobals) = postSolution
		SolutionGuid = {5F2F215C-84C8-4C7D-8250-8FAF78EB673D}
	EndGlobalSection
EndGlobal
