
Microsoft Visual Studio Solution File, Format Version 12.00
# Visual Studio Version 17
VisualStudioVersion = 17.6.33815.320
MinimumVisualStudioVersion = 10.0.40219.1
Project("{8BC9CEB8-8B4A-11D0-8D11-00A0C91BC942}") = "DeQue", "DeQue.vcxproj", "{B6319CBD-F993-4DD1-A318-C18D4D5E621A}"
EndProject
Global
	GlobalSection(SolutionConfigurationPlatforms) = preSolution
		Debug|x64 = Debug|x64
		Debug|x86 = Debug|x86
		Release|x64 = Release|x64
		Release|x86 = Release|x86
	EndGlobalSection
	GlobalSection(ProjectConfigurationPlatforms) = postSolution
		{B6319CBD-F993-4DD1-A318-C18D4D5E621A}.Debug|x64.ActiveCfg = Debug|x64
		{B6319CBD-F993-4DD1-A318-C18D4D5E621A}.Debug|x64.Build.0 = Debug|x64
		{B6319CBD-F993-4DD1-A318-C18D4D5E621A}.Debug|x86.ActiveCfg = Debug|Win32
		{B6319CBD-F993-4DD1-A318-C18D4D5E621A}.Debug|x86.Build.0 = Debug|Win32
		{B6319CBD-F993-4DD1-A318-C18D4D5E621A}.Release|x64.ActiveCfg = Release|x64
		{B6319CBD-F993-4DD1-A318-C18D4D5E621A}.Release|x64.Build.0 = Release|x64
		{B6319CBD-F993-4DD1-A318-C18D4D5E621A}.Release|x86.ActiveCfg = Release|Win32
		{B6319CBD-F993-4DD1-A318-C18D4D5E621A}.Release|x86.Build.0 = Release|Win32
	EndGlobalSection
	GlobalSection(SolutionProperties) = preSolution
		HideSolutionNode = FALSE
	EndGlobalSection
	GlobalSection(ExtensibilityGlobals) = postSolution
		SolutionGuid = {09DBEA0E-816E-4E4F-8726-35625BB29F6A}
	EndGlobalSection
EndGlobal
